
Microsoft Visual Studio Solution File, Format Version 12.00
# Visual Studio Version 16
VisualStudioVersion = 16.0.28803.202
MinimumVisualStudioVersion = 10.0.40219.1
Project("{2150E333-8FDC-42A3-9474-1A3956D46DE8}") = "Source", "Source", "{00F65B1E-80A5-4CF4-A51A-9681F586E07C}"
EndProject
Project("{2150E333-8FDC-42A3-9474-1A3956D46DE8}") = "Tests", "Tests", "{BA6E1C82-D3BA-4CC5-8AA5-CD07A52A02CC}"
EndProject
Project("{9A19103F-16F7-4668-BE54-9A1E7A4F7556}") = "Pavalisoft.Caching", "Source\Pavalisoft.Caching\Pavalisoft.Caching.csproj", "{BB4970FB-7855-4449-8EFA-4FCF36108C42}"
EndProject
Global
	GlobalSection(SolutionConfigurationPlatforms) = preSolution
		Debug|Any CPU = Debug|Any CPU
		Release|Any CPU = Release|Any CPU
	EndGlobalSection
	GlobalSection(ProjectConfigurationPlatforms) = postSolution
		{BB4970FB-7855-4449-8EFA-4FCF36108C42}.Debug|Any CPU.ActiveCfg = Debug|Any CPU
		{BB4970FB-7855-4449-8EFA-4FCF36108C42}.Debug|Any CPU.Build.0 = Debug|Any CPU
		{BB4970FB-7855-4449-8EFA-4FCF36108C42}.Release|Any CPU.ActiveCfg = Release|Any CPU
		{BB4970FB-7855-4449-8EFA-4FCF36108C42}.Release|Any CPU.Build.0 = Release|Any CPU
	EndGlobalSection
	GlobalSection(SolutionProperties) = preSolution
		HideSolutionNode = FALSE
	EndGlobalSection
	GlobalSection(NestedProjects) = preSolution
		{BB4970FB-7855-4449-8EFA-4FCF36108C42} = {00F65B1E-80A5-4CF4-A51A-9681F586E07C}
	EndGlobalSection
	GlobalSection(ExtensibilityGlobals) = postSolution
		SolutionGuid = {CF59F50D-83DE-40D4-8210-14F661BC4952}
	EndGlobalSection
EndGlobal
